<?xml version="1.0" encoding="UTF-8" standalone="yes" ?>
<CodeBlocks_project_file>
	<FileVersion major="1" minor="6" />
	<Project>
		<Option title="Projeto - Labirinto" />
		<Option pch_mode="2" />
		<Option compiler="gcc" />
		<Build>
			<Target title="Debug">
				<Option output="Projeto - Labirinto" prefix_auto="1" extension_auto="1" />
				<Option object_output="obj\Debug\" />
				<Option type="0" />
				<Option compiler="gcc" />
				<Compiler>
					<Add option="-Os" />
					<Add option="-O3" />
					<Add option="-Wall" />
					<Add option="-g" />
					<Add option="-fpermissive" />
				</Compiler>
			</Target>
			<Target title="Release">
				<Option output="bin\Release\Projeto - Labirinto" prefix_auto="1" extension_auto="1" />
				<Option object_output="obj\Release\" />
				<Option type="1" />
				<Option compiler="gcc" />
				<Compiler>
					<Add option="-O2" />
				</Compiler>
				<Linker>
					<Add option="-s" />
				</Linker>
			</Target>
		</Build>
		<Compiler>
			<Add option="-Wall" />
		</Compiler>
		<Unit filename="camera.cpp" />
		<Unit filename="camera.h" />
		<Unit filename="defines.cpp" />
		<Unit filename="defines.h" />
		<Unit filename="entidade.cpp" />
		<Unit filename="entidade.h" />
		<Unit filename="eventos.cpp" />
		<Unit filename="eventos.h" />
		<Unit filename="framerate.cpp" />
		<Unit filename="framerate.h" />
		<Unit filename="gamemanager.cpp" />
		<Unit filename="gamemanager.h" />
		<Unit filename="map.cpp" />
		<Unit filename="map.h" />
		<Unit filename="notas.txt" />
		<Unit filename="text.cpp" />
		<Unit filename="text.h" />
		<Unit filename="textureloader.cpp" />
		<Unit filename="textureloader.h" />
		<Unit filename="tile.cpp" />
		<Unit filename="tile.h" />
		<Unit filename="vetor.h" />
		<Unit filename="vetor3d.h" />
		<Extensions>
			<code_completion />
			<debugger />
		</Extensions>
	</Project>
</CodeBlocks_project_file>
